// !$*UTF8*$!
{
	archiveVersion = 1;
	classes = {
	};
	objectVersion = 50;
	objects = {

/* Begin PBXBuildFile section */
		86D6811724AD55DE00426B2C /* AppDelegate.swift in Sources */ = {isa = PBXBuildFile; fileRef = 86D6811624AD55DE00426B2C /* AppDelegate.swift */; };
		86D6811924AD55DE00426B2C /* SceneDelegate.swift in Sources */ = {isa = PBXBuildFile; fileRef = 86D6811824AD55DE00426B2C /* SceneDelegate.swift */; };
		86D6811B24AD55DE00426B2C /* ContentView.swift in Sources */ = {isa = PBXBuildFile; fileRef = 86D6811A24AD55DE00426B2C /* ContentView.swift */; };
		86D6811D24AD55E000426B2C /* Assets.xcassets in Resources */ = {isa = PBXBuildFile; fileRef = 86D6811C24AD55E000426B2C /* Assets.xcassets */; };
		86D6812024AD55E000426B2C /* Preview Assets.xcassets in Resources */ = {isa = PBXBuildFile; fileRef = 86D6811F24AD55E000426B2C /* Preview Assets.xcassets */; };
		86D6812324AD55E000426B2C /* LaunchScreen.storyboard in Resources */ = {isa = PBXBuildFile; fileRef = 86D6812124AD55E000426B2C /* LaunchScreen.storyboard */; };
		86D6812D24AD879500426B2C /* Order.swift in Sources */ = {isa = PBXBuildFile; fileRef = 86D6812C24AD879500426B2C /* Order.swift */; };
		86D6813124AD8A4800426B2C /* AddressView.swift in Sources */ = {isa = PBXBuildFile; fileRef = 86D6813024AD8A4800426B2C /* AddressView.swift */; };
		86D6813424AE5DB100426B2C /* CheckoutView.swift in Sources */ = {isa = PBXBuildFile; fileRef = 86D6813324AE5DB100426B2C /* CheckoutView.swift */; };
		86D6813624AE738400426B2C /* OrderStruct.swift in Sources */ = {isa = PBXBuildFile; fileRef = 86D6813524AE738400426B2C /* OrderStruct.swift */; };
/* End PBXBuildFile section */

/* Begin PBXFileReference section */
		86D6811324AD55DE00426B2C /* CupcakeCorner.app */ = {isa = PBXFileReference; explicitFileType = wrapper.application; includeInIndex = 0; path = CupcakeCorner.app; sourceTree = BUILT_PRODUCTS_DIR; };
		86D6811624AD55DE00426B2C /* AppDelegate.swift */ = {isa = PBXFileReference; lastKnownFileType = sourcecode.swift; path = AppDelegate.swift; sourceTree = "<group>"; };
		86D6811824AD55DE00426B2C /* SceneDelegate.swift */ = {isa = PBXFileReference; lastKnownFileType = sourcecode.swift; path = SceneDelegate.swift; sourceTree = "<group>"; };
		86D6811A24AD55DE00426B2C /* ContentView.swift */ = {isa = PBXFileReference; lastKnownFileType = sourcecode.swift; path = ContentView.swift; sourceTree = "<group>"; };
		86D6811C24AD55E000426B2C /* Assets.xcassets */ = {isa = PBXFileReference; lastKnownFileType = folder.assetcatalog; path = Assets.xcassets; sourceTree = "<group>"; };
		86D6811F24AD55E000426B2C /* Preview Assets.xcassets */ = {isa = PBXFileReference; lastKnownFileType = folder.assetcatalog; path = "Preview Assets.xcassets"; sourceTree = "<group>"; };
		86D6812224AD55E000426B2C /* Base */ = {isa = PBXFileReference; lastKnownFileType = file.storyboard; name = Base; path = Base.lproj/LaunchScreen.storyboard; sourceTree = "<group>"; };
		86D6812424AD55E000426B2C /* Info.plist */ = {isa = PBXFileReference; lastKnownFileType = text.plist.xml; path = Info.plist; sourceTree = "<group>"; };
		86D6812C24AD879500426B2C /* Order.swift */ = {isa = PBXFileReference; lastKnownFileType = sourcecode.swift; path = Order.swift; sourceTree = "<group>"; };
		86D6813024AD8A4800426B2C /* AddressView.swift */ = {isa = PBXFileReference; lastKnownFileType = sourcecode.swift; path = AddressView.swift; sourceTree = "<group>"; };
		86D6813324AE5DB100426B2C /* CheckoutView.swift */ = {isa = PBXFileReference; lastKnownFileType = sourcecode.swift; path = CheckoutView.swift; sourceTree = "<group>"; };
		86D6813524AE738400426B2C /* OrderStruct.swift */ = {isa = PBXFileReference; lastKnownFileType = sourcecode.swift; path = OrderStruct.swift; sourceTree = "<group>"; };
/* End PBXFileReference section */

/* Begin PBXFrameworksBuildPhase section */
		86D6811024AD55DE00426B2C /* Frameworks */ = {
			isa = PBXFrameworksBuildPhase;
			buildActionMask = 2147483647;
			files = (
			);
			runOnlyForDeploymentPostprocessing = 0;
		};
/* End PBXFrameworksBuildPhase section */

/* Begin PBXGroup section */
		86D6810A24AD55DE00426B2C = {
			isa = PBXGroup;
			children = (
				86D6811524AD55DE00426B2C /* CupcakeCorner */,
				86D6811424AD55DE00426B2C /* Products */,
			);
			sourceTree = "<group>";
		};
		86D6811424AD55DE00426B2C /* Products */ = {
			isa = PBXGroup;
			children = (
				86D6811324AD55DE00426B2C /* CupcakeCorner.app */,
			);
			name = Products;
			sourceTree = "<group>";
		};
		86D6811524AD55DE00426B2C /* CupcakeCorner */ = {
			isa = PBXGroup;
			children = (
				86D6812F24AD87ED00426B2C /* Helper */,
				86D6813224AD8A5100426B2C /* View */,
				86D6812E24AD87D700426B2C /* Model */,
				86D6811C24AD55E000426B2C /* Assets.xcassets */,
				86D6812124AD55E000426B2C /* LaunchScreen.storyboard */,
				86D6812424AD55E000426B2C /* Info.plist */,
				86D6811E24AD55E000426B2C /* Preview Content */,
			);
			path = CupcakeCorner;
			sourceTree = "<group>";
		};
		86D6811E24AD55E000426B2C /* Preview Content */ = {
			isa = PBXGroup;
			children = (
				86D6811F24AD55E000426B2C /* Preview Assets.xcassets */,
			);
			path = "Preview Content";
			sourceTree = "<group>";
		};
		86D6812E24AD87D700426B2C /* Model */ = {
			isa = PBXGroup;
			children = (
				86D6812C24AD879500426B2C /* Order.swift */,
				86D6813524AE738400426B2C /* OrderStruct.swift */,
			);
			path = Model;
			sourceTree = "<group>";
		};
		86D6812F24AD87ED00426B2C /* Helper */ = {
			isa = PBXGroup;
			children = (
				86D6811624AD55DE00426B2C /* AppDelegate.swift */,
				86D6811824AD55DE00426B2C /* SceneDelegate.swift */,
			);
			path = Helper;
			sourceTree = "<group>";
		};
		86D6813224AD8A5100426B2C /* View */ = {
			isa = PBXGroup;
			children = (
				86D6811A24AD55DE00426B2C /* ContentView.swift */,
				86D6813324AE5DB100426B2C /* CheckoutView.swift */,
				86D6813024AD8A4800426B2C /* AddressView.swift */,
			);
			path = View;
			sourceTree = "<group>";
		};
/* End PBXGroup section */

/* Begin PBXNativeTarget section */
		86D6811224AD55DE00426B2C /* CupcakeCorner */ = {
			isa = PBXNativeTarget;
			buildConfigurationList = 86D6812724AD55E000426B2C /* Build configuration list for PBXNativeTarget "CupcakeCorner" */;
			buildPhases = (
				86D6810F24AD55DE00426B2C /* Sources */,
				86D6811024AD55DE00426B2C /* Frameworks */,
				86D6811124AD55DE00426B2C /* Resources */,
			);
			buildRules = (
			);
			dependencies = (
			);
			name = CupcakeCorner;
			productName = CupcakeCorner;
			productReference = 86D6811324AD55DE00426B2C /* CupcakeCorner.app */;
			productType = "com.apple.product-type.application";
		};
/* End PBXNativeTarget section */

/* Begin PBXProject section */
		86D6810B24AD55DE00426B2C /* Project object */ = {
			isa = PBXProject;
			attributes = {
				LastSwiftUpdateCheck = 1150;
				LastUpgradeCheck = 1150;
				ORGANIZATIONNAME = "Garima Bothra";
				TargetAttributes = {
					86D6811224AD55DE00426B2C = {
						CreatedOnToolsVersion = 11.5;
					};
				};
			};
			buildConfigurationList = 86D6810E24AD55DE00426B2C /* Build configuration list for PBXProject "CupcakeCorner" */;
			compatibilityVersion = "Xcode 9.3";
			developmentRegion = en;
			hasScannedForEncodings = 0;
			knownRegions = (
				en,
				Base,
			);
			mainGroup = 86D6810A24AD55DE00426B2C;
			productRefGroup = 86D6811424AD55DE00426B2C /* Products */;
			projectDirPath = "";
			projectRoot = "";
			targets = (
				86D6811224AD55DE00426B2C /* CupcakeCorner */,
			);
		};
/* End PBXProject section */

/* Begin PBXResourcesBuildPhase section */
		86D6811124AD55DE00426B2C /* Resources */ = {
			isa = PBXResourcesBuildPhase;
			buildActionMask = 2147483647;
			files = (
				86D6812324AD55E000426B2C /* LaunchScreen.storyboard in Resources */,
				86D6812024AD55E000426B2C /* Preview Assets.xcassets in Resources */,
				86D6811D24AD55E000426B2C /* Assets.xcassets in Resources */,
			);
			runOnlyForDeploymentPostprocessing = 0;
		};
/* End PBXResourcesBuildPhase section */

/* Begin PBXSourcesBuildPhase section */
		86D6810F24AD55DE00426B2C /* Sources */ = {
			isa = PBXSourcesBuildPhase;
			buildActionMask = 2147483647;
			files = (
				86D6811724AD55DE00426B2C /* AppDelegate.swift in Sources */,
				86D6811924AD55DE00426B2C /* SceneDelegate.swift in Sources */,
				86D6813624AE738400426B2C /* OrderStruct.swift in Sources */,
				86D6813424AE5DB100426B2C /* CheckoutView.swift in Sources */,
				86D6812D24AD879500426B2C /* Order.swift in Sources */,
				86D6811B24AD55DE00426B2C /* ContentView.swift in Sources */,
				86D6813124AD8A4800426B2C /* AddressView.swift in Sources */,
			);
			runOnlyForDeploymentPostprocessing = 0;
		};
/* End PBXSourcesBuildPhase section */

/* Begin PBXVariantGroup section */
		86D6812124AD55E000426B2C /* LaunchScreen.storyboard */ = {
			isa = PBXVariantGroup;
			children = (
				86D6812224AD55E000426B2C /* Base */,
			);
			name = LaunchScreen.storyboard;
			sourceTree = "<group>";
		};
/* End PBXVariantGroup section */

/* Begin XCBuildConfiguration section */
		86D6812524AD55E000426B2C /* Debug */ = {
			isa = XCBuildConfiguration;
			buildSettings = {
				ALWAYS_SEARCH_USER_PATHS = NO;
				CLANG_ANALYZER_NONNULL = YES;
				CLANG_ANALYZER_NUMBER_OBJECT_CONVERSION = YES_AGGRESSIVE;
				CLANG_CXX_LANGUAGE_STANDARD = "gnu++14";
				CLANG_CXX_LIBRARY = "libc++";
				CLANG_ENABLE_MODULES = YES;
				CLANG_ENABLE_OBJC_ARC = YES;
				CLANG_ENABLE_OBJC_WEAK = YES;
				CLANG_WARN_BLOCK_CAPTURE_AUTORELEASING = YES;
				CLANG_WARN_BOOL_CONVERSION = YES;
				CLANG_WARN_COMMA = YES;
				CLANG_WARN_CONSTANT_CONVERSION = YES;
				CLANG_WARN_DEPRECATED_OBJC_IMPLEMENTATIONS = YES;
				CLANG_WARN_DIRECT_OBJC_ISA_USAGE = YES_ERROR;
				CLANG_WARN_DOCUMENTATION_COMMENTS = YES;
				CLANG_WARN_EMPTY_BODY = YES;
				CLANG_WARN_ENUM_CONVERSION = YES;
				CLANG_WARN_INFINITE_RECURSION = YES;
				CLANG_WARN_INT_CONVERSION = YES;
				CLANG_WARN_NON_LITERAL_NULL_CONVERSION = YES;
				CLANG_WARN_OBJC_IMPLICIT_RETAIN_SELF = YES;
				CLANG_WARN_OBJC_LITERAL_CONVERSION = YES;
				CLANG_WARN_OBJC_ROOT_CLASS = YES_ERROR;
				CLANG_WARN_RANGE_LOOP_ANALYSIS = YES;
				CLANG_WARN_STRICT_PROTOTYPES = YES;
				CLANG_WARN_SUSPICIOUS_MOVE = YES;
				CLANG_WARN_UNGUARDED_AVAILABILITY = YES_AGGRESSIVE;
				CLANG_WARN_UNREACHABLE_CODE = YES;
				CLANG_WARN__DUPLICATE_METHOD_MATCH = YES;
				COPY_PHASE_STRIP = NO;
				DEBUG_INFORMATION_FORMAT = dwarf;
				ENABLE_STRICT_OBJC_MSGSEND = YES;
				ENABLE_TESTABILITY = YES;
				GCC_C_LANGUAGE_STANDARD = gnu11;
				GCC_DYNAMIC_NO_PIC = NO;
				GCC_NO_COMMON_BLOCKS = YES;
				GCC_OPTIMIZATION_LEVEL = 0;
				GCC_PREPROCESSOR_DEFINITIONS = (
					"DEBUG=1",
					"$(inherited)",
				);
				GCC_WARN_64_TO_32_BIT_CONVERSION = YES;
				GCC_WARN_ABOUT_RETURN_TYPE = YES_ERROR;
				GCC_WARN_UNDECLARED_SELECTOR = YES;
				GCC_WARN_UNINITIALIZED_AUTOS = YES_AGGRESSIVE;
				GCC_WARN_UNUSED_FUNCTION = YES;
				GCC_WARN_UNUSED_VARIABLE = YES;
				IPHONEOS_DEPLOYMENT_TARGET = 13.5;
				MTL_ENABLE_DEBUG_INFO = INCLUDE_SOURCE;
				MTL_FAST_MATH = YES;
				ONLY_ACTIVE_ARCH = YES;
				SDKROOT = iphoneos;
				SWIFT_ACTIVE_COMPILATION_CONDITIONS = DEBUG;
				SWIFT_OPTIMIZATION_LEVEL = "-Onone";
			};
			name = Debug;
		};
		86D6812624AD55E000426B2C /* Release */ = {
			isa = XCBuildConfiguration;
			buildSettings = {
				ALWAYS_SEARCH_USER_PATHS = NO;
				CLANG_ANALYZER_NONNULL = YES;
				CLANG_ANALYZER_NUMBER_OBJECT_CONVERSION = YES_AGGRESSIVE;
				CLANG_CXX_LANGUAGE_STANDARD = "gnu++14";
				CLANG_CXX_LIBRARY = "libc++";
				CLANG_ENABLE_MODULES = YES;
				CLANG_ENABLE_OBJC_ARC = YES;
				CLANG_ENABLE_OBJC_WEAK = YES;
				CLANG_WARN_BLOCK_CAPTURE_AUTORELEASING = YES;
				CLANG_WARN_BOOL_CONVERSION = YES;
				CLANG_WARN_COMMA = YES;
				CLANG_WARN_CONSTANT_CONVERSION = YES;
				CLANG_WARN_DEPRECATED_OBJC_IMPLEMENTATIONS = YES;
				CLANG_WARN_DIRECT_OBJC_ISA_USAGE = YES_ERROR;
				CLANG_WARN_DOCUMENTATION_COMMENTS = YES;
				CLANG_WARN_EMPTY_BODY = YES;
				CLANG_WARN_ENUM_CONVERSION = YES;
				CLANG_WARN_INFINITE_RECURSION = YES;
				CLANG_WARN_INT_CONVERSION = YES;
				CLANG_WARN_NON_LITERAL_NULL_CONVERSION = YES;
				CLANG_WARN_OBJC_IMPLICIT_RETAIN_SELF = YES;
				CLANG_WARN_OBJC_LITERAL_CONVERSION = YES;
				CLANG_WARN_OBJC_ROOT_CLASS = YES_ERROR;
				CLANG_WARN_RANGE_LOOP_ANALYSIS = YES;
				CLANG_WARN_STRICT_PROTOTYPES = YES;
				CLANG_WARN_SUSPICIOUS_MOVE = YES;
				CLANG_WARN_UNGUARDED_AVAILABILITY = YES_AGGRESSIVE;
				CLANG_WARN_UNREACHABLE_CODE = YES;
				CLANG_WARN__DUPLICATE_METHOD_MATCH = YES;
				COPY_PHASE_STRIP = NO;
				DEBUG_INFORMATION_FORMAT = "dwarf-with-dsym";
				ENABLE_NS_ASSERTIONS = NO;
				ENABLE_STRICT_OBJC_MSGSEND = YES;
				GCC_C_LANGUAGE_STANDARD = gnu11;
				GCC_NO_COMMON_BLOCKS = YES;
				GCC_WARN_64_TO_32_BIT_CONVERSION = YES;
				GCC_WARN_ABOUT_RETURN_TYPE = YES_ERROR;
				GCC_WARN_UNDECLARED_SELECTOR = YES;
				GCC_WARN_UNINITIALIZED_AUTOS = YES_AGGRESSIVE;
				GCC_WARN_UNUSED_FUNCTION = YES;
				GCC_WARN_UNUSED_VARIABLE = YES;
				IPHONEOS_DEPLOYMENT_TARGET = 13.5;
				MTL_ENABLE_DEBUG_INFO = NO;
				MTL_FAST_MATH = YES;
				SDKROOT = iphoneos;
				SWIFT_COMPILATION_MODE = wholemodule;
				SWIFT_OPTIMIZATION_LEVEL = "-O";
				VALIDATE_PRODUCT = YES;
			};
			name = Release;
		};
		86D6812824AD55E000426B2C /* Debug */ = {
			isa = XCBuildConfiguration;
			buildSettings = {
				ASSETCATALOG_COMPILER_APPICON_NAME = AppIcon;
				CODE_SIGN_STYLE = Automatic;
				DEVELOPMENT_ASSET_PATHS = "\"CupcakeCorner/Preview Content\"";
				DEVELOPMENT_TEAM = 33G6XV4555;
				ENABLE_PREVIEWS = YES;
				INFOPLIST_FILE = CupcakeCorner/Info.plist;
				LD_RUNPATH_SEARCH_PATHS = (
					"$(inherited)",
					"@executable_path/Frameworks",
				);
				PRODUCT_BUNDLE_IDENTIFIER = com.garimabothra.CupcakeCorner;
				PRODUCT_NAME = "$(TARGET_NAME)";
				SWIFT_VERSION = 5.0;
				TARGETED_DEVICE_FAMILY = "1,2";
			};
			name = Debug;
		};
		86D6812924AD55E000426B2C /* Release */ = {
			isa = XCBuildConfiguration;
			buildSettings = {
				ASSETCATALOG_COMPILER_APPICON_NAME = AppIcon;
				CODE_SIGN_STYLE = Automatic;
				DEVELOPMENT_ASSET_PATHS = "\"CupcakeCorner/Preview Content\"";
				DEVELOPMENT_TEAM = 33G6XV4555;
				ENABLE_PREVIEWS = YES;
				INFOPLIST_FILE = CupcakeCorner/Info.plist;
				LD_RUNPATH_SEARCH_PATHS = (
					"$(inherited)",
					"@executable_path/Frameworks",
				);
				PRODUCT_BUNDLE_IDENTIFIER = com.garimabothra.CupcakeCorner;
				PRODUCT_NAME = "$(TARGET_NAME)";
				SWIFT_VERSION = 5.0;
				TARGETED_DEVICE_FAMILY = "1,2";
			};
			name = Release;
		};
/* End XCBuildConfiguration section */

/* Begin XCConfigurationList section */
		86D6810E24AD55DE00426B2C /* Build configuration list for PBXProject "CupcakeCorner" */ = {
			isa = XCConfigurationList;
			buildConfigurations = (
				86D6812524AD55E000426B2C /* Debug */,
				86D6812624AD55E000426B2C /* Release */,
			);
			defaultConfigurationIsVisible = 0;
			defaultConfigurationName = Release;
		};
		86D6812724AD55E000426B2C /* Build configuration list for PBXNativeTarget "CupcakeCorner" */ = {
			isa = XCConfigurationList;
			buildConfigurations = (
				86D6812824AD55E000426B2C /* Debug */,
				86D6812924AD55E000426B2C /* Release */,
			);
			defaultConfigurationIsVisible = 0;
			defaultConfigurationName = Release;
		};
/* End XCConfigurationList section */
	};
	rootObject = 86D6810B24AD55DE00426B2C /* Project object */;
}
